// !$*UTF8*$!
{
	archiveVersion = 1;
	classes = {
	};
	objectVersion = 56;
	objects = {

/* Begin PBXBuildFile section */
		2405CA6A2BB5925000AC80AD /* EverythingButTheBagelCore in Frameworks */ = {isa = PBXBuildFile; productRef = 2405CA692BB5925000AC80AD /* EverythingButTheBagelCore */; };
		2405CA6B2BB6029200AC80AD /* EverythingButTheBagelApp.swift in Sources */ = {isa = PBXBuildFile; fileRef = 2405CA5F2BB5922900AC80AD /* EverythingButTheBagelApp.swift */; };
		2405CA6C2BB6029D00AC80AD /* BaseAppScreen.swift in Sources */ = {isa = PBXBuildFile; fileRef = 2405CA602BB5922900AC80AD /* BaseAppScreen.swift */; };
		2421FC962BBA0C00000EFFD4 /* Sprinkles in Frameworks */ = {isa = PBXBuildFile; productRef = 2421FC952BBA0C00000EFFD4 /* Sprinkles */; };
		247286062BC4A2FD00E35F17 /* LaunchScreen.storyboard in Resources */ = {isa = PBXBuildFile; fileRef = 247286052BC4A2FD00E35F17 /* LaunchScreen.storyboard */; };
		248EB2DB2BC7752500D81670 /* EverythingButTheBagelUITests.swift in Sources */ = {isa = PBXBuildFile; fileRef = 248EB2DA2BC7752500D81670 /* EverythingButTheBagelUITests.swift */; };
		24A1FF0D2BCCDE1D00583C55 /* Assets.xcassets in Resources */ = {isa = PBXBuildFile; fileRef = 24A1FF0C2BCCDE1D00583C55 /* Assets.xcassets */; };
		24D775EC2BDB5AC200F5BA9B /* AppCore in Frameworks */ = {isa = PBXBuildFile; productRef = 24D775EB2BDB5AC200F5BA9B /* AppCore */; };
		24D775F12BDB602F00F5BA9B /* CatFactsUI in Frameworks */ = {isa = PBXBuildFile; productRef = 24D775F02BDB602F00F5BA9B /* CatFactsUI */; };
/* End PBXBuildFile section */

/* Begin PBXContainerItemProxy section */
		248EB2DE2BC7752500D81670 /* PBXContainerItemProxy */ = {
			isa = PBXContainerItemProxy;
			containerPortal = 24BA5B0E2BB006810062084E /* Project object */;
			proxyType = 1;
			remoteGlobalIDString = 24BA5B152BB006810062084E;
			remoteInfo = EverythingButTheBagel;
		};
/* End PBXContainerItemProxy section */

/* Begin PBXFileReference section */
		2405CA5F2BB5922900AC80AD /* EverythingButTheBagelApp.swift */ = {isa = PBXFileReference; lastKnownFileType = sourcecode.swift; path = EverythingButTheBagelApp.swift; sourceTree = "<group>"; };
		2405CA602BB5922900AC80AD /* BaseAppScreen.swift */ = {isa = PBXFileReference; lastKnownFileType = sourcecode.swift; path = BaseAppScreen.swift; sourceTree = "<group>"; };
		2405CA632BB5922900AC80AD /* Preview Assets.xcassets */ = {isa = PBXFileReference; lastKnownFileType = folder.assetcatalog; path = "Preview Assets.xcassets"; sourceTree = "<group>"; };
		2405CA682BB5923200AC80AD /* EverythingButTheBagelCore */ = {isa = PBXFileReference; lastKnownFileType = wrapper; path = EverythingButTheBagelCore; sourceTree = "<group>"; };
		241CEDDE2BD858B500BC1DCF /* CatFactsCore */ = {isa = PBXFileReference; lastKnownFileType = wrapper; path = CatFactsCore; sourceTree = "<group>"; };
		2421FC942BBA0B9E000EFFD4 /* Sprinkles */ = {isa = PBXFileReference; lastKnownFileType = wrapper; path = Sprinkles; sourceTree = "<group>"; };
		2421FC972BBA1254000EFFD4 /* .sentryclirc */ = {isa = PBXFileReference; lastKnownFileType = text; path = .sentryclirc; sourceTree = "<group>"; };
		2421FC982BBA1254000EFFD4 /* swift.yml */ = {isa = PBXFileReference; lastKnownFileType = text.yaml; path = swift.yml; sourceTree = "<group>"; };
		2421FC9B2BBA1254000EFFD4 /* .swiftlint.yml */ = {isa = PBXFileReference; lastKnownFileType = text.yaml; path = .swiftlint.yml; sourceTree = "<group>"; };
		2421FC9C2BBA1254000EFFD4 /* .pre-commit-config.yaml */ = {isa = PBXFileReference; lastKnownFileType = text.yaml; path = ".pre-commit-config.yaml"; sourceTree = "<group>"; };
		2421FC9D2BBA1281000EFFD4 /* .gitignore */ = {isa = PBXFileReference; lastKnownFileType = text; path = .gitignore; sourceTree = "<group>"; };
		2446E2D62BD79F7F001A96CD /* PictureOfTheDayCore */ = {isa = PBXFileReference; lastKnownFileType = wrapper; path = PictureOfTheDayCore; sourceTree = "<group>"; };
		246A11732BD862B60071A9DB /* AppCore */ = {isa = PBXFileReference; lastKnownFileType = wrapper; path = AppCore; sourceTree = "<group>"; };
		247286012BBFE2D700E35F17 /* Info.plist */ = {isa = PBXFileReference; lastKnownFileType = text.plist; path = Info.plist; sourceTree = "<group>"; };
		247286052BC4A2FD00E35F17 /* LaunchScreen.storyboard */ = {isa = PBXFileReference; lastKnownFileType = file.storyboard; path = LaunchScreen.storyboard; sourceTree = "<group>"; };
		248EB2D82BC7752500D81670 /* EverythingButTheBagelUITests.xctest */ = {isa = PBXFileReference; explicitFileType = wrapper.cfbundle; includeInIndex = 0; path = EverythingButTheBagelUITests.xctest; sourceTree = BUILT_PRODUCTS_DIR; };
		248EB2DA2BC7752500D81670 /* EverythingButTheBagelUITests.swift */ = {isa = PBXFileReference; lastKnownFileType = sourcecode.swift; path = EverythingButTheBagelUITests.swift; sourceTree = "<group>"; };
		24A1FF052BCCDC2700583C55 /* Assets.xcassets */ = {isa = PBXFileReference; lastKnownFileType = folder.assetcatalog; name = Assets.xcassets; path = Sprinkles/Sources/Sprinkles/Assets.xcassets; sourceTree = "<group>"; };
		24A1FF0C2BCCDE1D00583C55 /* Assets.xcassets */ = {isa = PBXFileReference; lastKnownFileType = folder.assetcatalog; name = Assets.xcassets; path = Sprinkles/Sources/Sprinkles/Assets.xcassets; sourceTree = "<group>"; };
		24BA5B162BB006810062084E /* EverythingButTheBagel.app */ = {isa = PBXFileReference; explicitFileType = wrapper.application; includeInIndex = 0; path = EverythingButTheBagel.app; sourceTree = BUILT_PRODUCTS_DIR; };
		24BA5B282BB0073D0062084E /* README.md */ = {isa = PBXFileReference; lastKnownFileType = net.daringfireball.markdown; path = README.md; sourceTree = "<group>"; };
		24D775EF2BDB5B2600F5BA9B /* CatFactsUI */ = {isa = PBXFileReference; lastKnownFileType = wrapper; path = CatFactsUI; sourceTree = "<group>"; };
/* End PBXFileReference section */

/* Begin PBXFrameworksBuildPhase section */
		248EB2D52BC7752500D81670 /* Frameworks */ = {
			isa = PBXFrameworksBuildPhase;
			buildActionMask = 2147483647;
			files = (
			);
			runOnlyForDeploymentPostprocessing = 0;
		};
		24BA5B132BB006810062084E /* Frameworks */ = {
			isa = PBXFrameworksBuildPhase;
			buildActionMask = 2147483647;
			files = (
				24D775EC2BDB5AC200F5BA9B /* AppCore in Frameworks */,
				2421FC962BBA0C00000EFFD4 /* Sprinkles in Frameworks */,
				24D775F12BDB602F00F5BA9B /* CatFactsUI in Frameworks */,
				2405CA6A2BB5925000AC80AD /* EverythingButTheBagelCore in Frameworks */,
			);
			runOnlyForDeploymentPostprocessing = 0;
		};
/* End PBXFrameworksBuildPhase section */

/* Begin PBXGroup section */
		2405CA5E2BB5922900AC80AD /* EverythingButTheBagel */ = {
			isa = PBXGroup;
			children = (
				247286012BBFE2D700E35F17 /* Info.plist */,
				2405CA622BB5922900AC80AD /* Preview Content */,
				24F401092BBBC9B9001EF583 /* Utils */,
				2405CA5F2BB5922900AC80AD /* EverythingButTheBagelApp.swift */,
				247286052BC4A2FD00E35F17 /* LaunchScreen.storyboard */,
			);
			path = EverythingButTheBagel;
			sourceTree = "<group>";
		};
		2405CA622BB5922900AC80AD /* Preview Content */ = {
			isa = PBXGroup;
			children = (
				2405CA632BB5922900AC80AD /* Preview Assets.xcassets */,
			);
			path = "Preview Content";
			sourceTree = "<group>";
		};
		2421FC992BBA1254000EFFD4 /* workflows */ = {
			isa = PBXGroup;
			children = (
				2421FC982BBA1254000EFFD4 /* swift.yml */,
			);
			path = workflows;
			sourceTree = "<group>";
		};
		2421FC9A2BBA1254000EFFD4 /* .github */ = {
			isa = PBXGroup;
			children = (
				2421FC992BBA1254000EFFD4 /* workflows */,
			);
			path = .github;
			sourceTree = "<group>";
		};
		248D903F2BB0AF72005F7A40 /* Frameworks */ = {
			isa = PBXGroup;
			children = (
				24A1FF052BCCDC2700583C55 /* Assets.xcassets */,
			);
			name = Frameworks;
			sourceTree = "<group>";
		};
		248EB2D92BC7752500D81670 /* EverythingButTheBagelUITests */ = {
			isa = PBXGroup;
			children = (
				248EB2DA2BC7752500D81670 /* EverythingButTheBagelUITests.swift */,
			);
			path = EverythingButTheBagelUITests;
			sourceTree = "<group>";
		};
		24BA5B0D2BB006810062084E = {
			isa = PBXGroup;
			children = (
				24A1FF0C2BCCDE1D00583C55 /* Assets.xcassets */,
				24D775EF2BDB5B2600F5BA9B /* CatFactsUI */,
				246A11732BD862B60071A9DB /* AppCore */,
				241CEDDE2BD858B500BC1DCF /* CatFactsCore */,
				2446E2D62BD79F7F001A96CD /* PictureOfTheDayCore */,
				2421FC942BBA0B9E000EFFD4 /* Sprinkles */,
				2405CA682BB5923200AC80AD /* EverythingButTheBagelCore */,
				2405CA5E2BB5922900AC80AD /* EverythingButTheBagel */,
				248EB2D92BC7752500D81670 /* EverythingButTheBagelUITests */,
				24BA5B172BB006810062084E /* Products */,
				248D903F2BB0AF72005F7A40 /* Frameworks */,
				2421FC9A2BBA1254000EFFD4 /* .github */,
				2421FC9D2BBA1281000EFFD4 /* .gitignore */,
				24BA5B282BB0073D0062084E /* README.md */,
				2421FC9C2BBA1254000EFFD4 /* .pre-commit-config.yaml */,
				2421FC972BBA1254000EFFD4 /* .sentryclirc */,
				2421FC9B2BBA1254000EFFD4 /* .swiftlint.yml */,
			);
			sourceTree = "<group>";
		};
		24BA5B172BB006810062084E /* Products */ = {
			isa = PBXGroup;
			children = (
				24BA5B162BB006810062084E /* EverythingButTheBagel.app */,
				248EB2D82BC7752500D81670 /* EverythingButTheBagelUITests.xctest */,
			);
			name = Products;
			sourceTree = "<group>";
		};
		24F401092BBBC9B9001EF583 /* Utils */ = {
			isa = PBXGroup;
			children = (
				2405CA602BB5922900AC80AD /* BaseAppScreen.swift */,
			);
			path = Utils;
			sourceTree = "<group>";
		};
/* End PBXGroup section */

/* Begin PBXNativeTarget section */
		248EB2D72BC7752500D81670 /* EverythingButTheBagelUITests */ = {
			isa = PBXNativeTarget;
			buildConfigurationList = 248EB2E02BC7752500D81670 /* Build configuration list for PBXNativeTarget "EverythingButTheBagelUITests" */;
			buildPhases = (
				248EB2D42BC7752500D81670 /* Sources */,
				248EB2D52BC7752500D81670 /* Frameworks */,
				248EB2D62BC7752500D81670 /* Resources */,
			);
			buildRules = (
			);
			dependencies = (
				248EB2DF2BC7752500D81670 /* PBXTargetDependency */,
			);
			name = EverythingButTheBagelUITests;
			productName = EverythingButTheBagelUITests;
			productReference = 248EB2D82BC7752500D81670 /* EverythingButTheBagelUITests.xctest */;
			productType = "com.apple.product-type.bundle.ui-testing";
		};
		24BA5B152BB006810062084E /* EverythingButTheBagel */ = {
			isa = PBXNativeTarget;
			buildConfigurationList = 24BA5B242BB006820062084E /* Build configuration list for PBXNativeTarget "EverythingButTheBagel" */;
			buildPhases = (
				24BA5B122BB006810062084E /* Sources */,
				24BA5B132BB006810062084E /* Frameworks */,
				24BA5B142BB006810062084E /* Resources */,
				24483A4B2BB5868B002BAED9 /* Swift Lint */,
				C2BAC14D64BE45C39413AB79 /* Upload Debug Symbols to Sentry */,
			);
			buildRules = (
			);
			dependencies = (
			);
			name = EverythingButTheBagel;
			packageProductDependencies = (
				2405CA692BB5925000AC80AD /* EverythingButTheBagelCore */,
				2421FC952BBA0C00000EFFD4 /* Sprinkles */,
				24D775EB2BDB5AC200F5BA9B /* AppCore */,
				24D775F02BDB602F00F5BA9B /* CatFactsUI */,
			);
			productName = EverythingButTheBagel;
			productReference = 24BA5B162BB006810062084E /* EverythingButTheBagel.app */;
			productType = "com.apple.product-type.application";
		};
/* End PBXNativeTarget section */

/* Begin PBXProject section */
		24BA5B0E2BB006810062084E /* Project object */ = {
			isa = PBXProject;
			attributes = {
				BuildIndependentTargetsInParallel = 1;
				LastSwiftUpdateCheck = 1530;
				LastUpgradeCheck = 1530;
				TargetAttributes = {
					248EB2D72BC7752500D81670 = {
						CreatedOnToolsVersion = 15.3;
						TestTargetID = 24BA5B152BB006810062084E;
					};
					24BA5B152BB006810062084E = {
						CreatedOnToolsVersion = 15.1;
					};
				};
			};
			buildConfigurationList = 24BA5B112BB006810062084E /* Build configuration list for PBXProject "EverythingButTheBagel" */;
			compatibilityVersion = "Xcode 14.0";
			developmentRegion = en;
			hasScannedForEncodings = 0;
			knownRegions = (
				en,
				Base,
				"es-419",
				es,
			);
			mainGroup = 24BA5B0D2BB006810062084E;
			packageReferences = (
			);
			productRefGroup = 24BA5B172BB006810062084E /* Products */;
			projectDirPath = "";
			projectRoot = "";
			targets = (
				24BA5B152BB006810062084E /* EverythingButTheBagel */,
				248EB2D72BC7752500D81670 /* EverythingButTheBagelUITests */,
			);
		};
/* End PBXProject section */

/* Begin PBXResourcesBuildPhase section */
		248EB2D62BC7752500D81670 /* Resources */ = {
			isa = PBXResourcesBuildPhase;
			buildActionMask = 2147483647;
			files = (
			);
			runOnlyForDeploymentPostprocessing = 0;
		};
		24BA5B142BB006810062084E /* Resources */ = {
			isa = PBXResourcesBuildPhase;
			buildActionMask = 2147483647;
			files = (
				247286062BC4A2FD00E35F17 /* LaunchScreen.storyboard in Resources */,
				24A1FF0D2BCCDE1D00583C55 /* Assets.xcassets in Resources */,
			);
			runOnlyForDeploymentPostprocessing = 0;
		};
/* End PBXResourcesBuildPhase section */

/* Begin PBXShellScriptBuildPhase section */
		24483A4B2BB5868B002BAED9 /* Swift Lint */ = {
			isa = PBXShellScriptBuildPhase;
			alwaysOutOfDate = 1;
			buildActionMask = 2147483647;
			files = (
			);
			inputFileListPaths = (
			);
			inputPaths = (
			);
			name = "Swift Lint";
			outputFileListPaths = (
			);
			outputPaths = (
			);
			runOnlyForDeploymentPostprocessing = 0;
			shellPath = /bin/sh;
			shellScript = "if [[ \"$(uname -m)\" == arm64 ]]; then\n    export PATH=\"/opt/homebrew/bin:$PATH\"\nfi\n\nif which swiftlint > /dev/null; then\n  swiftlint --fix\nelse\n  echo \"warning: SwiftLint not installed, download from https://github.com/realm/SwiftLint\"\nfi\n";
		};
		C2BAC14D64BE45C39413AB79 /* Upload Debug Symbols to Sentry */ = {
			isa = PBXShellScriptBuildPhase;
			alwaysOutOfDate = 1;
			buildActionMask = 2147483647;
			files = (
			);
			inputPaths = (
				"${DWARF_DSYM_FOLDER_PATH}/${DWARF_DSYM_FILE_NAME}/Contents/Resources/DWARF/${TARGET_NAME}",
				"$(SRCROOT)/.sentryclirc",
			);
			name = "Upload Debug Symbols to Sentry";
			outputPaths = (
			);
			runOnlyForDeploymentPostprocessing = 0;
			shellPath = /bin/sh;
			shellScript = "# This script is responsable to upload debug symbols and source context for Sentry.\nif which sentry-cli >/dev/null; then\nexport SENTRY_ORG=alexdev-fw\nexport SENTRY_PROJECT=apple-ios\nERROR=$(sentry-cli debug-files upload --include-sources \"$DWARF_DSYM_FOLDER_PATH\" 2>&1 >/dev/null)\nif [ ! $? -eq 0 ]; then\necho \"warning: sentry-cli - $ERROR\"\nfi\nelse\necho \"warning: sentry-cli not installed, download from https://github.com/getsentry/sentry-cli/releases\"\nfi\n";
		};
/* End PBXShellScriptBuildPhase section */

/* Begin PBXSourcesBuildPhase section */
		248EB2D42BC7752500D81670 /* Sources */ = {
			isa = PBXSourcesBuildPhase;
			buildActionMask = 2147483647;
			files = (
				248EB2DB2BC7752500D81670 /* EverythingButTheBagelUITests.swift in Sources */,
			);
			runOnlyForDeploymentPostprocessing = 0;
		};
		24BA5B122BB006810062084E /* Sources */ = {
			isa = PBXSourcesBuildPhase;
			buildActionMask = 2147483647;
			files = (
				2405CA6C2BB6029D00AC80AD /* BaseAppScreen.swift in Sources */,
				2405CA6B2BB6029200AC80AD /* EverythingButTheBagelApp.swift in Sources */,
			);
			runOnlyForDeploymentPostprocessing = 0;
		};
/* End PBXSourcesBuildPhase section */

/* Begin PBXTargetDependency section */
		248EB2DF2BC7752500D81670 /* PBXTargetDependency */ = {
			isa = PBXTargetDependency;
			target = 24BA5B152BB006810062084E /* EverythingButTheBagel */;
			targetProxy = 248EB2DE2BC7752500D81670 /* PBXContainerItemProxy */;
		};
/* End PBXTargetDependency section */

/* Begin XCBuildConfiguration section */
		248EB2E12BC7752500D81670 /* Debug */ = {
			isa = XCBuildConfiguration;
			buildSettings = {
				CODE_SIGN_STYLE = Automatic;
				CURRENT_PROJECT_VERSION = 1;
				DEVELOPMENT_TEAM = P2PP2EM79F;
				GENERATE_INFOPLIST_FILE = YES;
				IPHONEOS_DEPLOYMENT_TARGET = 17.4;
				MARKETING_VERSION = 1.0;
				PRODUCT_BUNDLE_IDENTIFIER = com.twof.EverythingButTheBagelUITests;
				PRODUCT_NAME = "$(TARGET_NAME)";
				SWIFT_EMIT_LOC_STRINGS = NO;
				SWIFT_VERSION = 5.0;
				TARGETED_DEVICE_FAMILY = "1,2";
				TEST_TARGET_NAME = EverythingButTheBagel;
			};
			name = Debug;
		};
		248EB2E22BC7752500D81670 /* Release */ = {
			isa = XCBuildConfiguration;
			buildSettings = {
				CODE_SIGN_STYLE = Automatic;
				CURRENT_PROJECT_VERSION = 1;
				DEVELOPMENT_TEAM = P2PP2EM79F;
				GENERATE_INFOPLIST_FILE = YES;
				IPHONEOS_DEPLOYMENT_TARGET = 17.4;
				MARKETING_VERSION = 1.0;
				PRODUCT_BUNDLE_IDENTIFIER = com.twof.EverythingButTheBagelUITests;
				PRODUCT_NAME = "$(TARGET_NAME)";
				SWIFT_EMIT_LOC_STRINGS = NO;
				SWIFT_VERSION = 5.0;
				TARGETED_DEVICE_FAMILY = "1,2";
				TEST_TARGET_NAME = EverythingButTheBagel;
			};
			name = Release;
		};
		24BA5B222BB006820062084E /* Debug */ = {
			isa = XCBuildConfiguration;
			buildSettings = {
				ALWAYS_SEARCH_USER_PATHS = NO;
				ASSETCATALOG_COMPILER_GENERATE_SWIFT_ASSET_SYMBOL_EXTENSIONS = YES;
				CLANG_ANALYZER_LOCALIZABILITY_NONLOCALIZED = YES;
				CLANG_ANALYZER_NONNULL = YES;
				CLANG_ANALYZER_NUMBER_OBJECT_CONVERSION = YES_AGGRESSIVE;
				CLANG_CXX_LANGUAGE_STANDARD = "gnu++20";
				CLANG_ENABLE_MODULES = YES;
				CLANG_ENABLE_OBJC_ARC = YES;
				CLANG_ENABLE_OBJC_WEAK = YES;
				CLANG_WARN_BLOCK_CAPTURE_AUTORELEASING = YES;
				CLANG_WARN_BOOL_CONVERSION = YES;
				CLANG_WARN_COMMA = YES;
				CLANG_WARN_CONSTANT_CONVERSION = YES;
				CLANG_WARN_DEPRECATED_OBJC_IMPLEMENTATIONS = YES;
				CLANG_WARN_DIRECT_OBJC_ISA_USAGE = YES_ERROR;
				CLANG_WARN_DOCUMENTATION_COMMENTS = YES;
				CLANG_WARN_EMPTY_BODY = YES;
				CLANG_WARN_ENUM_CONVERSION = YES;
				CLANG_WARN_INFINITE_RECURSION = YES;
				CLANG_WARN_INT_CONVERSION = YES;
				CLANG_WARN_NON_LITERAL_NULL_CONVERSION = YES;
				CLANG_WARN_OBJC_IMPLICIT_RETAIN_SELF = YES;
				CLANG_WARN_OBJC_LITERAL_CONVERSION = YES;
				CLANG_WARN_OBJC_ROOT_CLASS = YES_ERROR;
				CLANG_WARN_QUOTED_INCLUDE_IN_FRAMEWORK_HEADER = YES;
				CLANG_WARN_RANGE_LOOP_ANALYSIS = YES;
				CLANG_WARN_STRICT_PROTOTYPES = YES;
				CLANG_WARN_SUSPICIOUS_MOVE = YES;
				CLANG_WARN_UNGUARDED_AVAILABILITY = YES_AGGRESSIVE;
				CLANG_WARN_UNREACHABLE_CODE = YES;
				CLANG_WARN__DUPLICATE_METHOD_MATCH = YES;
				COPY_PHASE_STRIP = NO;
				DEBUG_INFORMATION_FORMAT = dwarf;
				ENABLE_STRICT_OBJC_MSGSEND = YES;
				ENABLE_TESTABILITY = YES;
				ENABLE_USER_SCRIPT_SANDBOXING = YES;
				GCC_C_LANGUAGE_STANDARD = gnu17;
				GCC_DYNAMIC_NO_PIC = NO;
				GCC_NO_COMMON_BLOCKS = YES;
				GCC_OPTIMIZATION_LEVEL = 0;
				GCC_PREPROCESSOR_DEFINITIONS = (
					"DEBUG=1",
					"$(inherited)",
				);
				GCC_WARN_64_TO_32_BIT_CONVERSION = YES;
				GCC_WARN_ABOUT_RETURN_TYPE = YES_ERROR;
				GCC_WARN_UNDECLARED_SELECTOR = YES;
				GCC_WARN_UNINITIALIZED_AUTOS = YES_AGGRESSIVE;
				GCC_WARN_UNUSED_FUNCTION = YES;
				GCC_WARN_UNUSED_VARIABLE = YES;
				IPHONEOS_DEPLOYMENT_TARGET = 17.2;
				LOCALIZATION_PREFERS_STRING_CATALOGS = YES;
				MTL_ENABLE_DEBUG_INFO = INCLUDE_SOURCE;
				MTL_FAST_MATH = YES;
				ONLY_ACTIVE_ARCH = YES;
				SDKROOT = iphoneos;
				SWIFT_ACTIVE_COMPILATION_CONDITIONS = "DEBUG $(inherited)";
				SWIFT_EMIT_LOC_STRINGS = YES;
				SWIFT_OPTIMIZATION_LEVEL = "-Onone";
			};
			name = Debug;
		};
		24BA5B232BB006820062084E /* Release */ = {
			isa = XCBuildConfiguration;
			buildSettings = {
				ALWAYS_SEARCH_USER_PATHS = NO;
				ASSETCATALOG_COMPILER_GENERATE_SWIFT_ASSET_SYMBOL_EXTENSIONS = YES;
				CLANG_ANALYZER_LOCALIZABILITY_NONLOCALIZED = YES;
				CLANG_ANALYZER_NONNULL = YES;
				CLANG_ANALYZER_NUMBER_OBJECT_CONVERSION = YES_AGGRESSIVE;
				CLANG_CXX_LANGUAGE_STANDARD = "gnu++20";
				CLANG_ENABLE_MODULES = YES;
				CLANG_ENABLE_OBJC_ARC = YES;
				CLANG_ENABLE_OBJC_WEAK = YES;
				CLANG_WARN_BLOCK_CAPTURE_AUTORELEASING = YES;
				CLANG_WARN_BOOL_CONVERSION = YES;
				CLANG_WARN_COMMA = YES;
				CLANG_WARN_CONSTANT_CONVERSION = YES;
				CLANG_WARN_DEPRECATED_OBJC_IMPLEMENTATIONS = YES;
				CLANG_WARN_DIRECT_OBJC_ISA_USAGE = YES_ERROR;
				CLANG_WARN_DOCUMENTATION_COMMENTS = YES;
				CLANG_WARN_EMPTY_BODY = YES;
				CLANG_WARN_ENUM_CONVERSION = YES;
				CLANG_WARN_INFINITE_RECURSION = YES;
				CLANG_WARN_INT_CONVERSION = YES;
				CLANG_WARN_NON_LITERAL_NULL_CONVERSION = YES;
				CLANG_WARN_OBJC_IMPLICIT_RETAIN_SELF = YES;
				CLANG_WARN_OBJC_LITERAL_CONVERSION = YES;
				CLANG_WARN_OBJC_ROOT_CLASS = YES_ERROR;
				CLANG_WARN_QUOTED_INCLUDE_IN_FRAMEWORK_HEADER = YES;
				CLANG_WARN_RANGE_LOOP_ANALYSIS = YES;
				CLANG_WARN_STRICT_PROTOTYPES = YES;
				CLANG_WARN_SUSPICIOUS_MOVE = YES;
				CLANG_WARN_UNGUARDED_AVAILABILITY = YES_AGGRESSIVE;
				CLANG_WARN_UNREACHABLE_CODE = YES;
				CLANG_WARN__DUPLICATE_METHOD_MATCH = YES;
				COPY_PHASE_STRIP = NO;
				DEBUG_INFORMATION_FORMAT = "dwarf-with-dsym";
				ENABLE_NS_ASSERTIONS = NO;
				ENABLE_STRICT_OBJC_MSGSEND = YES;
				ENABLE_USER_SCRIPT_SANDBOXING = YES;
				GCC_C_LANGUAGE_STANDARD = gnu17;
				GCC_NO_COMMON_BLOCKS = YES;
				GCC_WARN_64_TO_32_BIT_CONVERSION = YES;
				GCC_WARN_ABOUT_RETURN_TYPE = YES_ERROR;
				GCC_WARN_UNDECLARED_SELECTOR = YES;
				GCC_WARN_UNINITIALIZED_AUTOS = YES_AGGRESSIVE;
				GCC_WARN_UNUSED_FUNCTION = YES;
				GCC_WARN_UNUSED_VARIABLE = YES;
				IPHONEOS_DEPLOYMENT_TARGET = 17.2;
				LOCALIZATION_PREFERS_STRING_CATALOGS = YES;
				MTL_ENABLE_DEBUG_INFO = NO;
				MTL_FAST_MATH = YES;
				SDKROOT = iphoneos;
				SWIFT_COMPILATION_MODE = wholemodule;
				SWIFT_EMIT_LOC_STRINGS = YES;
				VALIDATE_PRODUCT = YES;
			};
			name = Release;
		};
		24BA5B252BB006820062084E /* Debug */ = {
			isa = XCBuildConfiguration;
			buildSettings = {
				ASSETCATALOG_COMPILER_APPICON_NAME = AppIcon;
				ASSETCATALOG_COMPILER_INCLUDE_ALL_APPICON_ASSETS = YES;
				CODE_SIGN_STYLE = Automatic;
				CURRENT_PROJECT_VERSION = 1;
				DEBUG_INFORMATION_FORMAT = "dwarf-with-dsym";
				DEVELOPMENT_ASSET_PATHS = "\"EverythingButTheBagel/Preview Content\"";
				DEVELOPMENT_TEAM = P2PP2EM79F;
				ENABLE_PREVIEWS = YES;
				ENABLE_USER_SCRIPT_SANDBOXING = NO;
				GENERATE_INFOPLIST_FILE = YES;
				INFOPLIST_FILE = EverythingButTheBagel/Info.plist;
				INFOPLIST_KEY_UIApplicationSceneManifest_Generation = YES;
				INFOPLIST_KEY_UIApplicationSupportsIndirectInputEvents = YES;
				INFOPLIST_KEY_UILaunchStoryboardName = LaunchScreen.storyboard;
				INFOPLIST_KEY_UISupportedInterfaceOrientations = UIInterfaceOrientationPortrait;
				INFOPLIST_KEY_UISupportedInterfaceOrientations_iPad = "UIInterfaceOrientationLandscapeLeft UIInterfaceOrientationLandscapeRight UIInterfaceOrientationPortrait UIInterfaceOrientationPortraitUpsideDown";
				LD_RUNPATH_SEARCH_PATHS = (
					"$(inherited)",
					"@executable_path/Frameworks",
				);
				MARKETING_VERSION = 1.0;
				PRODUCT_BUNDLE_IDENTIFIER = com.twof.EverythingButTheBagel;
				PRODUCT_NAME = "$(TARGET_NAME)";
				SUPPORTED_PLATFORMS = "iphoneos iphonesimulator";
				SUPPORTS_MACCATALYST = NO;
				SUPPORTS_MAC_DESIGNED_FOR_IPHONE_IPAD = NO;
				SUPPORTS_XR_DESIGNED_FOR_IPHONE_IPAD = NO;
				SWIFT_EMIT_LOC_STRINGS = YES;
				SWIFT_VERSION = 5.0;
				TARGETED_DEVICE_FAMILY = 1;
			};
			name = Debug;
		};
		24BA5B262BB006820062084E /* Release */ = {
			isa = XCBuildConfiguration;
			buildSettings = {
				ASSETCATALOG_COMPILER_APPICON_NAME = AppIcon;
				ASSETCATALOG_COMPILER_INCLUDE_ALL_APPICON_ASSETS = YES;
				CODE_SIGN_STYLE = Automatic;
				CURRENT_PROJECT_VERSION = 1;
				DEBUG_INFORMATION_FORMAT = "dwarf-with-dsym";
				DEVELOPMENT_ASSET_PATHS = "\"EverythingButTheBagel/Preview Content\"";
				DEVELOPMENT_TEAM = P2PP2EM79F;
				ENABLE_PREVIEWS = YES;
				ENABLE_USER_SCRIPT_SANDBOXING = NO;
				GENERATE_INFOPLIST_FILE = YES;
				INFOPLIST_FILE = EverythingButTheBagel/Info.plist;
				INFOPLIST_KEY_UIApplicationSceneManifest_Generation = YES;
				INFOPLIST_KEY_UIApplicationSupportsIndirectInputEvents = YES;
				INFOPLIST_KEY_UILaunchStoryboardName = LaunchScreen.storyboard;
				INFOPLIST_KEY_UISupportedInterfaceOrientations = UIInterfaceOrientationPortrait;
				INFOPLIST_KEY_UISupportedInterfaceOrientations_iPad = "UIInterfaceOrientationLandscapeLeft UIInterfaceOrientationLandscapeRight UIInterfaceOrientationPortrait UIInterfaceOrientationPortraitUpsideDown";
				LD_RUNPATH_SEARCH_PATHS = (
					"$(inherited)",
					"@executable_path/Frameworks",
				);
				MARKETING_VERSION = 1.0;
				PRODUCT_BUNDLE_IDENTIFIER = com.twof.EverythingButTheBagel;
				PRODUCT_NAME = "$(TARGET_NAME)";
				SUPPORTED_PLATFORMS = "iphoneos iphonesimulator";
				SUPPORTS_MACCATALYST = NO;
				SUPPORTS_MAC_DESIGNED_FOR_IPHONE_IPAD = NO;
				SUPPORTS_XR_DESIGNED_FOR_IPHONE_IPAD = NO;
				SWIFT_EMIT_LOC_STRINGS = YES;
				SWIFT_VERSION = 5.0;
				TARGETED_DEVICE_FAMILY = 1;
			};
			name = Release;
		};
/* End XCBuildConfiguration section */

/* Begin XCConfigurationList section */
		248EB2E02BC7752500D81670 /* Build configuration list for PBXNativeTarget "EverythingButTheBagelUITests" */ = {
			isa = XCConfigurationList;
			buildConfigurations = (
				248EB2E12BC7752500D81670 /* Debug */,
				248EB2E22BC7752500D81670 /* Release */,
			);
			defaultConfigurationIsVisible = 0;
			defaultConfigurationName = Release;
		};
		24BA5B112BB006810062084E /* Build configuration list for PBXProject "EverythingButTheBagel" */ = {
			isa = XCConfigurationList;
			buildConfigurations = (
				24BA5B222BB006820062084E /* Debug */,
				24BA5B232BB006820062084E /* Release */,
			);
			defaultConfigurationIsVisible = 0;
			defaultConfigurationName = Release;
		};
		24BA5B242BB006820062084E /* Build configuration list for PBXNativeTarget "EverythingButTheBagel" */ = {
			isa = XCConfigurationList;
			buildConfigurations = (
				24BA5B252BB006820062084E /* Debug */,
				24BA5B262BB006820062084E /* Release */,
			);
			defaultConfigurationIsVisible = 0;
			defaultConfigurationName = Release;
		};
/* End XCConfigurationList section */

/* Begin XCSwiftPackageProductDependency section */
		2405CA692BB5925000AC80AD /* EverythingButTheBagelCore */ = {
			isa = XCSwiftPackageProductDependency;
			productName = EverythingButTheBagelCore;
		};
		2421FC952BBA0C00000EFFD4 /* Sprinkles */ = {
			isa = XCSwiftPackageProductDependency;
			productName = Sprinkles;
		};
		24D775EB2BDB5AC200F5BA9B /* AppCore */ = {
			isa = XCSwiftPackageProductDependency;
			productName = AppCore;
		};
		24D775F02BDB602F00F5BA9B /* CatFactsUI */ = {
			isa = XCSwiftPackageProductDependency;
			productName = CatFactsUI;
		};
/* End XCSwiftPackageProductDependency section */
	};
	rootObject = 24BA5B0E2BB006810062084E /* Project object */;
}
