// !$*UTF8*$!
{
	archiveVersion = 1;
	classes = {
	};
	objectVersion = 56;
	objects = {

/* Begin PBXBuildFile section */
		24483A3E2BB37DB6002BAED9 /* ErrorView.swift in Sources */ = {isa = PBXBuildFile; fileRef = 24483A3D2BB37DB6002BAED9 /* ErrorView.swift */; };
		24483A402BB3821F002BAED9 /* CatFactsListView.swift in Sources */ = {isa = PBXBuildFile; fileRef = 24483A3F2BB3821F002BAED9 /* CatFactsListView.swift */; };
		24483A432BB54388002BAED9 /* BaseAppScreen.swift in Sources */ = {isa = PBXBuildFile; fileRef = 24483A422BB54388002BAED9 /* BaseAppScreen.swift */; };
		248D90412BB0AF72005F7A40 /* TakehomeProjectBaseCore in Frameworks */ = {isa = PBXBuildFile; productRef = 248D90402BB0AF72005F7A40 /* TakehomeProjectBaseCore */; };
		24BA5B1A2BB006810062084E /* TakehomeProjectBaseApp.swift in Sources */ = {isa = PBXBuildFile; fileRef = 24BA5B192BB006810062084E /* TakehomeProjectBaseApp.swift */; };
		24BA5B1C2BB006810062084E /* ContentView.swift in Sources */ = {isa = PBXBuildFile; fileRef = 24BA5B1B2BB006810062084E /* ContentView.swift */; };
		24BA5B1E2BB006820062084E /* Assets.xcassets in Resources */ = {isa = PBXBuildFile; fileRef = 24BA5B1D2BB006820062084E /* Assets.xcassets */; };
		24BA5B212BB006820062084E /* Preview Assets.xcassets in Resources */ = {isa = PBXBuildFile; fileRef = 24BA5B202BB006820062084E /* Preview Assets.xcassets */; };
/* End PBXBuildFile section */

/* Begin PBXFileReference section */
		24483A3D2BB37DB6002BAED9 /* ErrorView.swift */ = {isa = PBXFileReference; lastKnownFileType = sourcecode.swift; path = ErrorView.swift; sourceTree = "<group>"; };
		24483A3F2BB3821F002BAED9 /* CatFactsListView.swift */ = {isa = PBXFileReference; lastKnownFileType = sourcecode.swift; path = CatFactsListView.swift; sourceTree = "<group>"; };
		24483A422BB54388002BAED9 /* BaseAppScreen.swift */ = {isa = PBXFileReference; lastKnownFileType = sourcecode.swift; path = BaseAppScreen.swift; sourceTree = "<group>"; };
		24BA5B162BB006810062084E /* TakehomeProjectBase.app */ = {isa = PBXFileReference; explicitFileType = wrapper.application; includeInIndex = 0; path = TakehomeProjectBase.app; sourceTree = BUILT_PRODUCTS_DIR; };
		24BA5B192BB006810062084E /* TakehomeProjectBaseApp.swift */ = {isa = PBXFileReference; lastKnownFileType = sourcecode.swift; path = TakehomeProjectBaseApp.swift; sourceTree = "<group>"; };
		24BA5B1B2BB006810062084E /* ContentView.swift */ = {isa = PBXFileReference; lastKnownFileType = sourcecode.swift; path = ContentView.swift; sourceTree = "<group>"; };
		24BA5B1D2BB006820062084E /* Assets.xcassets */ = {isa = PBXFileReference; lastKnownFileType = folder.assetcatalog; path = Assets.xcassets; sourceTree = "<group>"; };
		24BA5B202BB006820062084E /* Preview Assets.xcassets */ = {isa = PBXFileReference; lastKnownFileType = folder.assetcatalog; path = "Preview Assets.xcassets"; sourceTree = "<group>"; };
		24BA5B282BB0073D0062084E /* README.md */ = {isa = PBXFileReference; lastKnownFileType = net.daringfireball.markdown; path = README.md; sourceTree = "<group>"; };
		24BA5B292BB025400062084E /* TakehomeProjectBaseCore */ = {isa = PBXFileReference; lastKnownFileType = wrapper; path = TakehomeProjectBaseCore; sourceTree = "<group>"; };
/* End PBXFileReference section */

/* Begin PBXFrameworksBuildPhase section */
		24BA5B132BB006810062084E /* Frameworks */ = {
			isa = PBXFrameworksBuildPhase;
			buildActionMask = 2147483647;
			files = (
				248D90412BB0AF72005F7A40 /* TakehomeProjectBaseCore in Frameworks */,
			);
			runOnlyForDeploymentPostprocessing = 0;
		};
/* End PBXFrameworksBuildPhase section */

/* Begin PBXGroup section */
		24483A412BB5437A002BAED9 /* CatFactsScreen */ = {
			isa = PBXGroup;
			children = (
				24483A3F2BB3821F002BAED9 /* CatFactsListView.swift */,
			);
			path = CatFactsScreen;
			sourceTree = "<group>";
		};
		248D903F2BB0AF72005F7A40 /* Frameworks */ = {
			isa = PBXGroup;
			children = (
			);
			name = Frameworks;
			sourceTree = "<group>";
		};
		24BA5B0D2BB006810062084E = {
			isa = PBXGroup;
			children = (
				24BA5B282BB0073D0062084E /* README.md */,
				24BA5B292BB025400062084E /* TakehomeProjectBaseCore */,
				24BA5B182BB006810062084E /* TakehomeProjectBase */,
				24BA5B172BB006810062084E /* Products */,
				248D903F2BB0AF72005F7A40 /* Frameworks */,
			);
			sourceTree = "<group>";
		};
		24BA5B172BB006810062084E /* Products */ = {
			isa = PBXGroup;
			children = (
				24BA5B162BB006810062084E /* TakehomeProjectBase.app */,
			);
			name = Products;
			sourceTree = "<group>";
		};
		24BA5B182BB006810062084E /* TakehomeProjectBase */ = {
			isa = PBXGroup;
			children = (
				24483A412BB5437A002BAED9 /* CatFactsScreen */,
				24483A422BB54388002BAED9 /* BaseAppScreen.swift */,
				24BA5B192BB006810062084E /* TakehomeProjectBaseApp.swift */,
				24BA5B1B2BB006810062084E /* ContentView.swift */,
				24483A3D2BB37DB6002BAED9 /* ErrorView.swift */,
				24BA5B1D2BB006820062084E /* Assets.xcassets */,
				24BA5B1F2BB006820062084E /* Preview Content */,
			);
			path = TakehomeProjectBase;
			sourceTree = "<group>";
		};
		24BA5B1F2BB006820062084E /* Preview Content */ = {
			isa = PBXGroup;
			children = (
				24BA5B202BB006820062084E /* Preview Assets.xcassets */,
			);
			path = "Preview Content";
			sourceTree = "<group>";
		};
/* End PBXGroup section */

/* Begin PBXNativeTarget section */
		24BA5B152BB006810062084E /* TakehomeProjectBase */ = {
			isa = PBXNativeTarget;
			buildConfigurationList = 24BA5B242BB006820062084E /* Build configuration list for PBXNativeTarget "TakehomeProjectBase" */;
			buildPhases = (
				24BA5B122BB006810062084E /* Sources */,
				24BA5B132BB006810062084E /* Frameworks */,
				24BA5B142BB006810062084E /* Resources */,
				24483A4B2BB5868B002BAED9 /* Swift Lint */,
				C2BAC14D64BE45C39413AB79 /* Upload Debug Symbols to Sentry */,
			);
			buildRules = (
			);
			dependencies = (
			);
			name = TakehomeProjectBase;
			packageProductDependencies = (
				248D90402BB0AF72005F7A40 /* TakehomeProjectBaseCore */,
			);
			productName = TakehomeProjectBase;
			productReference = 24BA5B162BB006810062084E /* TakehomeProjectBase.app */;
			productType = "com.apple.product-type.application";
		};
/* End PBXNativeTarget section */

/* Begin PBXProject section */
		24BA5B0E2BB006810062084E /* Project object */ = {
			isa = PBXProject;
			attributes = {
				BuildIndependentTargetsInParallel = 1;
				LastSwiftUpdateCheck = 1510;
				LastUpgradeCheck = 1510;
				TargetAttributes = {
					24BA5B152BB006810062084E = {
						CreatedOnToolsVersion = 15.1;
					};
				};
			};
			buildConfigurationList = 24BA5B112BB006810062084E /* Build configuration list for PBXProject "TakehomeProjectBase" */;
			compatibilityVersion = "Xcode 14.0";
			developmentRegion = en;
			hasScannedForEncodings = 0;
			knownRegions = (
				en,
				Base,
			);
			mainGroup = 24BA5B0D2BB006810062084E;
			packageReferences = (
			);
			productRefGroup = 24BA5B172BB006810062084E /* Products */;
			projectDirPath = "";
			projectRoot = "";
			targets = (
				24BA5B152BB006810062084E /* TakehomeProjectBase */,
			);
		};
/* End PBXProject section */

/* Begin PBXResourcesBuildPhase section */
		24BA5B142BB006810062084E /* Resources */ = {
			isa = PBXResourcesBuildPhase;
			buildActionMask = 2147483647;
			files = (
				24BA5B212BB006820062084E /* Preview Assets.xcassets in Resources */,
				24BA5B1E2BB006820062084E /* Assets.xcassets in Resources */,
			);
			runOnlyForDeploymentPostprocessing = 0;
		};
/* End PBXResourcesBuildPhase section */

/* Begin PBXShellScriptBuildPhase section */
		24483A4B2BB5868B002BAED9 /* Swift Lint */ = {
			isa = PBXShellScriptBuildPhase;
			alwaysOutOfDate = 1;
			buildActionMask = 2147483647;
			files = (
			);
			inputFileListPaths = (
			);
			inputPaths = (
			);
			name = "Swift Lint";
			outputFileListPaths = (
			);
			outputPaths = (
			);
			runOnlyForDeploymentPostprocessing = 0;
			shellPath = /bin/sh;
			shellScript = "if [[ \"$(uname -m)\" == arm64 ]]; then\n    export PATH=\"/opt/homebrew/bin:$PATH\"\nfi\n\nif which swiftlint > /dev/null; then\n  swiftlint --fix\nelse\n  echo \"warning: SwiftLint not installed, download from https://github.com/realm/SwiftLint\"\nfi\n";
		};
		C2BAC14D64BE45C39413AB79 /* Upload Debug Symbols to Sentry */ = {
			isa = PBXShellScriptBuildPhase;
			alwaysOutOfDate = 1;
			buildActionMask = 2147483647;
			files = (
			);
			inputPaths = (
				"${DWARF_DSYM_FOLDER_PATH}/${DWARF_DSYM_FILE_NAME}/Contents/Resources/DWARF/${TARGET_NAME}",
				"$(SRCROOT)/.sentryclirc",
			);
			name = "Upload Debug Symbols to Sentry";
			outputPaths = (
			);
			runOnlyForDeploymentPostprocessing = 0;
			shellPath = /bin/sh;
			shellScript = "# This script is responsable to upload debug symbols and source context for Sentry.\nif which sentry-cli >/dev/null; then\nexport SENTRY_ORG=alexdev-fw\nexport SENTRY_PROJECT=apple-ios\nERROR=$(sentry-cli debug-files upload --include-sources \"$DWARF_DSYM_FOLDER_PATH\" 2>&1 >/dev/null)\nif [ ! $? -eq 0 ]; then\necho \"warning: sentry-cli - $ERROR\"\nfi\nelse\necho \"warning: sentry-cli not installed, download from https://github.com/getsentry/sentry-cli/releases\"\nfi\n";
		};
/* End PBXShellScriptBuildPhase section */

/* Begin PBXSourcesBuildPhase section */
		24BA5B122BB006810062084E /* Sources */ = {
			isa = PBXSourcesBuildPhase;
			buildActionMask = 2147483647;
			files = (
				24483A432BB54388002BAED9 /* BaseAppScreen.swift in Sources */,
				24BA5B1C2BB006810062084E /* ContentView.swift in Sources */,
				24483A3E2BB37DB6002BAED9 /* ErrorView.swift in Sources */,
				24483A402BB3821F002BAED9 /* CatFactsListView.swift in Sources */,
				24BA5B1A2BB006810062084E /* TakehomeProjectBaseApp.swift in Sources */,
			);
			runOnlyForDeploymentPostprocessing = 0;
		};
/* End PBXSourcesBuildPhase section */

/* Begin XCBuildConfiguration section */
		24BA5B222BB006820062084E /* Debug */ = {
			isa = XCBuildConfiguration;
			buildSettings = {
				ALWAYS_SEARCH_USER_PATHS = NO;
				ASSETCATALOG_COMPILER_GENERATE_SWIFT_ASSET_SYMBOL_EXTENSIONS = YES;
				CLANG_ANALYZER_NONNULL = YES;
				CLANG_ANALYZER_NUMBER_OBJECT_CONVERSION = YES_AGGRESSIVE;
				CLANG_CXX_LANGUAGE_STANDARD = "gnu++20";
				CLANG_ENABLE_MODULES = YES;
				CLANG_ENABLE_OBJC_ARC = YES;
				CLANG_ENABLE_OBJC_WEAK = YES;
				CLANG_WARN_BLOCK_CAPTURE_AUTORELEASING = YES;
				CLANG_WARN_BOOL_CONVERSION = YES;
				CLANG_WARN_COMMA = YES;
				CLANG_WARN_CONSTANT_CONVERSION = YES;
				CLANG_WARN_DEPRECATED_OBJC_IMPLEMENTATIONS = YES;
				CLANG_WARN_DIRECT_OBJC_ISA_USAGE = YES_ERROR;
				CLANG_WARN_DOCUMENTATION_COMMENTS = YES;
				CLANG_WARN_EMPTY_BODY = YES;
				CLANG_WARN_ENUM_CONVERSION = YES;
				CLANG_WARN_INFINITE_RECURSION = YES;
				CLANG_WARN_INT_CONVERSION = YES;
				CLANG_WARN_NON_LITERAL_NULL_CONVERSION = YES;
				CLANG_WARN_OBJC_IMPLICIT_RETAIN_SELF = YES;
				CLANG_WARN_OBJC_LITERAL_CONVERSION = YES;
				CLANG_WARN_OBJC_ROOT_CLASS = YES_ERROR;
				CLANG_WARN_QUOTED_INCLUDE_IN_FRAMEWORK_HEADER = YES;
				CLANG_WARN_RANGE_LOOP_ANALYSIS = YES;
				CLANG_WARN_STRICT_PROTOTYPES = YES;
				CLANG_WARN_SUSPICIOUS_MOVE = YES;
				CLANG_WARN_UNGUARDED_AVAILABILITY = YES_AGGRESSIVE;
				CLANG_WARN_UNREACHABLE_CODE = YES;
				CLANG_WARN__DUPLICATE_METHOD_MATCH = YES;
				COPY_PHASE_STRIP = NO;
				DEBUG_INFORMATION_FORMAT = dwarf;
				ENABLE_STRICT_OBJC_MSGSEND = YES;
				ENABLE_TESTABILITY = YES;
				ENABLE_USER_SCRIPT_SANDBOXING = YES;
				GCC_C_LANGUAGE_STANDARD = gnu17;
				GCC_DYNAMIC_NO_PIC = NO;
				GCC_NO_COMMON_BLOCKS = YES;
				GCC_OPTIMIZATION_LEVEL = 0;
				GCC_PREPROCESSOR_DEFINITIONS = (
					"DEBUG=1",
					"$(inherited)",
				);
				GCC_WARN_64_TO_32_BIT_CONVERSION = YES;
				GCC_WARN_ABOUT_RETURN_TYPE = YES_ERROR;
				GCC_WARN_UNDECLARED_SELECTOR = YES;
				GCC_WARN_UNINITIALIZED_AUTOS = YES_AGGRESSIVE;
				GCC_WARN_UNUSED_FUNCTION = YES;
				GCC_WARN_UNUSED_VARIABLE = YES;
				IPHONEOS_DEPLOYMENT_TARGET = 17.2;
				LOCALIZATION_PREFERS_STRING_CATALOGS = YES;
				MTL_ENABLE_DEBUG_INFO = INCLUDE_SOURCE;
				MTL_FAST_MATH = YES;
				ONLY_ACTIVE_ARCH = YES;
				SDKROOT = iphoneos;
				SWIFT_ACTIVE_COMPILATION_CONDITIONS = "DEBUG $(inherited)";
				SWIFT_OPTIMIZATION_LEVEL = "-Onone";
			};
			name = Debug;
		};
		24BA5B232BB006820062084E /* Release */ = {
			isa = XCBuildConfiguration;
			buildSettings = {
				ALWAYS_SEARCH_USER_PATHS = NO;
				ASSETCATALOG_COMPILER_GENERATE_SWIFT_ASSET_SYMBOL_EXTENSIONS = YES;
				CLANG_ANALYZER_NONNULL = YES;
				CLANG_ANALYZER_NUMBER_OBJECT_CONVERSION = YES_AGGRESSIVE;
				CLANG_CXX_LANGUAGE_STANDARD = "gnu++20";
				CLANG_ENABLE_MODULES = YES;
				CLANG_ENABLE_OBJC_ARC = YES;
				CLANG_ENABLE_OBJC_WEAK = YES;
				CLANG_WARN_BLOCK_CAPTURE_AUTORELEASING = YES;
				CLANG_WARN_BOOL_CONVERSION = YES;
				CLANG_WARN_COMMA = YES;
				CLANG_WARN_CONSTANT_CONVERSION = YES;
				CLANG_WARN_DEPRECATED_OBJC_IMPLEMENTATIONS = YES;
				CLANG_WARN_DIRECT_OBJC_ISA_USAGE = YES_ERROR;
				CLANG_WARN_DOCUMENTATION_COMMENTS = YES;
				CLANG_WARN_EMPTY_BODY = YES;
				CLANG_WARN_ENUM_CONVERSION = YES;
				CLANG_WARN_INFINITE_RECURSION = YES;
				CLANG_WARN_INT_CONVERSION = YES;
				CLANG_WARN_NON_LITERAL_NULL_CONVERSION = YES;
				CLANG_WARN_OBJC_IMPLICIT_RETAIN_SELF = YES;
				CLANG_WARN_OBJC_LITERAL_CONVERSION = YES;
				CLANG_WARN_OBJC_ROOT_CLASS = YES_ERROR;
				CLANG_WARN_QUOTED_INCLUDE_IN_FRAMEWORK_HEADER = YES;
				CLANG_WARN_RANGE_LOOP_ANALYSIS = YES;
				CLANG_WARN_STRICT_PROTOTYPES = YES;
				CLANG_WARN_SUSPICIOUS_MOVE = YES;
				CLANG_WARN_UNGUARDED_AVAILABILITY = YES_AGGRESSIVE;
				CLANG_WARN_UNREACHABLE_CODE = YES;
				CLANG_WARN__DUPLICATE_METHOD_MATCH = YES;
				COPY_PHASE_STRIP = NO;
				DEBUG_INFORMATION_FORMAT = "dwarf-with-dsym";
				ENABLE_NS_ASSERTIONS = NO;
				ENABLE_STRICT_OBJC_MSGSEND = YES;
				ENABLE_USER_SCRIPT_SANDBOXING = YES;
				GCC_C_LANGUAGE_STANDARD = gnu17;
				GCC_NO_COMMON_BLOCKS = YES;
				GCC_WARN_64_TO_32_BIT_CONVERSION = YES;
				GCC_WARN_ABOUT_RETURN_TYPE = YES_ERROR;
				GCC_WARN_UNDECLARED_SELECTOR = YES;
				GCC_WARN_UNINITIALIZED_AUTOS = YES_AGGRESSIVE;
				GCC_WARN_UNUSED_FUNCTION = YES;
				GCC_WARN_UNUSED_VARIABLE = YES;
				IPHONEOS_DEPLOYMENT_TARGET = 17.2;
				LOCALIZATION_PREFERS_STRING_CATALOGS = YES;
				MTL_ENABLE_DEBUG_INFO = NO;
				MTL_FAST_MATH = YES;
				SDKROOT = iphoneos;
				SWIFT_COMPILATION_MODE = wholemodule;
				VALIDATE_PRODUCT = YES;
			};
			name = Release;
		};
		24BA5B252BB006820062084E /* Debug */ = {
			isa = XCBuildConfiguration;
			buildSettings = {
				ASSETCATALOG_COMPILER_APPICON_NAME = AppIcon;
				ASSETCATALOG_COMPILER_GLOBAL_ACCENT_COLOR_NAME = AccentColor;
				CODE_SIGN_STYLE = Automatic;
				CURRENT_PROJECT_VERSION = 1;
				DEBUG_INFORMATION_FORMAT = "dwarf-with-dsym";
				DEVELOPMENT_ASSET_PATHS = "\"TakehomeProjectBase/Preview Content\"";
				ENABLE_PREVIEWS = YES;
				ENABLE_USER_SCRIPT_SANDBOXING = NO;
				GENERATE_INFOPLIST_FILE = YES;
				INFOPLIST_KEY_UIApplicationSceneManifest_Generation = YES;
				INFOPLIST_KEY_UIApplicationSupportsIndirectInputEvents = YES;
				INFOPLIST_KEY_UILaunchScreen_Generation = YES;
				INFOPLIST_KEY_UISupportedInterfaceOrientations_iPad = "UIInterfaceOrientationPortrait UIInterfaceOrientationPortraitUpsideDown UIInterfaceOrientationLandscapeLeft UIInterfaceOrientationLandscapeRight";
				INFOPLIST_KEY_UISupportedInterfaceOrientations_iPhone = "UIInterfaceOrientationPortrait UIInterfaceOrientationLandscapeLeft UIInterfaceOrientationLandscapeRight";
				LD_RUNPATH_SEARCH_PATHS = (
					"$(inherited)",
					"@executable_path/Frameworks",
				);
				MARKETING_VERSION = 1.0;
				PRODUCT_BUNDLE_IDENTIFIER = com.twof.TakehomeProjectBase;
				PRODUCT_NAME = "$(TARGET_NAME)";
				SWIFT_EMIT_LOC_STRINGS = YES;
				SWIFT_VERSION = 5.0;
				TARGETED_DEVICE_FAMILY = "1,2";
			};
			name = Debug;
		};
		24BA5B262BB006820062084E /* Release */ = {
			isa = XCBuildConfiguration;
			buildSettings = {
				ASSETCATALOG_COMPILER_APPICON_NAME = AppIcon;
				ASSETCATALOG_COMPILER_GLOBAL_ACCENT_COLOR_NAME = AccentColor;
				CODE_SIGN_STYLE = Automatic;
				CURRENT_PROJECT_VERSION = 1;
				DEBUG_INFORMATION_FORMAT = "dwarf-with-dsym";
				DEVELOPMENT_ASSET_PATHS = "\"TakehomeProjectBase/Preview Content\"";
				ENABLE_PREVIEWS = YES;
				ENABLE_USER_SCRIPT_SANDBOXING = NO;
				GENERATE_INFOPLIST_FILE = YES;
				INFOPLIST_KEY_UIApplicationSceneManifest_Generation = YES;
				INFOPLIST_KEY_UIApplicationSupportsIndirectInputEvents = YES;
				INFOPLIST_KEY_UILaunchScreen_Generation = YES;
				INFOPLIST_KEY_UISupportedInterfaceOrientations_iPad = "UIInterfaceOrientationPortrait UIInterfaceOrientationPortraitUpsideDown UIInterfaceOrientationLandscapeLeft UIInterfaceOrientationLandscapeRight";
				INFOPLIST_KEY_UISupportedInterfaceOrientations_iPhone = "UIInterfaceOrientationPortrait UIInterfaceOrientationLandscapeLeft UIInterfaceOrientationLandscapeRight";
				LD_RUNPATH_SEARCH_PATHS = (
					"$(inherited)",
					"@executable_path/Frameworks",
				);
				MARKETING_VERSION = 1.0;
				PRODUCT_BUNDLE_IDENTIFIER = com.twof.TakehomeProjectBase;
				PRODUCT_NAME = "$(TARGET_NAME)";
				SWIFT_EMIT_LOC_STRINGS = YES;
				SWIFT_VERSION = 5.0;
				TARGETED_DEVICE_FAMILY = "1,2";
			};
			name = Release;
		};
/* End XCBuildConfiguration section */

/* Begin XCConfigurationList section */
		24BA5B112BB006810062084E /* Build configuration list for PBXProject "TakehomeProjectBase" */ = {
			isa = XCConfigurationList;
			buildConfigurations = (
				24BA5B222BB006820062084E /* Debug */,
				24BA5B232BB006820062084E /* Release */,
			);
			defaultConfigurationIsVisible = 0;
			defaultConfigurationName = Release;
		};
		24BA5B242BB006820062084E /* Build configuration list for PBXNativeTarget "TakehomeProjectBase" */ = {
			isa = XCConfigurationList;
			buildConfigurations = (
				24BA5B252BB006820062084E /* Debug */,
				24BA5B262BB006820062084E /* Release */,
			);
			defaultConfigurationIsVisible = 0;
			defaultConfigurationName = Release;
		};
/* End XCConfigurationList section */

/* Begin XCSwiftPackageProductDependency section */
		248D90402BB0AF72005F7A40 /* TakehomeProjectBaseCore */ = {
			isa = XCSwiftPackageProductDependency;
			productName = TakehomeProjectBaseCore;
		};
/* End XCSwiftPackageProductDependency section */
	};
	rootObject = 24BA5B0E2BB006810062084E /* Project object */;
}
